{
  "requires": true,
  "lockfileVersion": 1,
  "dependencies": {
    "jquery-csv": {
      "version": "1.0.11",
      "resolved": "https://registry.npmjs.org/jquery-csv/-/jquery-csv-1.0.11.tgz",
      "integrity": "sha512-KDPc3wFLTFO68p/4IqsODZCjBp+y9axDa/pr36pDKrWk6yyHf8Nk1FqAGXvaUb6H7J1zJSYszABIFj0a40QXRA=="
    },
    "node-fetch": {
      "version": "2.6.1",
      "resolved": "https://registry.npmjs.org/node-fetch/-/node-fetch-2.6.1.tgz",
      "integrity": "sha512-V4aYg89jEoVRxRb2fJdAg8FHvI7cEyYdVAh94HH0UIK8oJxUfkjlDQN9RbMx+bEjP7+ggMiFRprSti032Oipxw=="
    }
  }
}
